
Microsoft Visual Studio Solution File, Format Version 12.00
# Visual Studio 15
VisualStudioVersion = 15.0.28307.572
MinimumVisualStudioVersion = 10.0.40219.1
Project("{8BC9CEB8-8B4A-11D0-8D11-00A0C91BC942}") = "Laba2", "Laba2\Laba2.vcxproj", "{3FC62832-9C12-42DD-9104-E89FF838CFE3}"
EndProject
Global
	GlobalSection(SolutionConfigurationPlatforms) = preSolution
		Debug|x64 = Debug|x64
		Debug|x86 = Debug|x86
		Release|x64 = Release|x64
		Release|x86 = Release|x86
	EndGlobalSection
	GlobalSection(ProjectConfigurationPlatforms) = postSolution
		{3FC62832-9C12-42DD-9104-E89FF838CFE3}.Debug|x64.ActiveCfg = Debug|x64
		{3FC62832-9C12-42DD-9104-E89FF838CFE3}.Debug|x64.Build.0 = Debug|x64
		{3FC62832-9C12-42DD-9104-E89FF838CFE3}.Debug|x86.ActiveCfg = Debug|Win32
		{3FC62832-9C12-42DD-9104-E89FF838CFE3}.Debug|x86.Build.0 = Debug|Win32
		{3FC62832-9C12-42DD-9104-E89FF838CFE3}.Release|x64.ActiveCfg = Release|x64
		{3FC62832-9C12-42DD-9104-E89FF838CFE3}.Release|x64.Build.0 = Release|x64
		{3FC62832-9C12-42DD-9104-E89FF838CFE3}.Release|x86.ActiveCfg = Release|Win32
		{3FC62832-9C12-42DD-9104-E89FF838CFE3}.Release|x86.Build.0 = Release|Win32
	EndGlobalSection
	GlobalSection(SolutionProperties) = preSolution
		HideSolutionNode = FALSE
	EndGlobalSection
	GlobalSection(ExtensibilityGlobals) = postSolution
		SolutionGuid = {FE1E8CFC-C98A-4C9C-90E2-4A80DC748772}
	EndGlobalSection
EndGlobal
